
Microsoft Visual Studio Solution File, Format Version 12.00
# Visual Studio Version 17
VisualStudioVersion = 17.10.34928.147
MinimumVisualStudioVersion = 10.0.40219.1
Project("{FAE04EC0-301F-11D3-BF4B-00C04F79EFBC}") = "PharmacyManagementSystem", "PharmacyManagementSystem.csproj", "{014A9FCB-AFDA-4998-8252-B4A7D93A727D}"
EndProject
Global
	GlobalSection(SolutionConfigurationPlatforms) = preSolution
		Debug|Any CPU = Debug|Any CPU
		Release|Any CPU = Release|Any CPU
	EndGlobalSection
	GlobalSection(ProjectConfigurationPlatforms) = postSolution
		{014A9FCB-AFDA-4998-8252-B4A7D93A727D}.Debug|Any CPU.ActiveCfg = Debug|Any CPU
		{014A9FCB-AFDA-4998-8252-B4A7D93A727D}.Debug|Any CPU.Build.0 = Debug|Any CPU
		{014A9FCB-AFDA-4998-8252-B4A7D93A727D}.Release|Any CPU.ActiveCfg = Release|Any CPU
		{014A9FCB-AFDA-4998-8252-B4A7D93A727D}.Release|Any CPU.Build.0 = Release|Any CPU
	EndGlobalSection
	GlobalSection(SolutionProperties) = preSolution
		HideSolutionNode = FALSE
	EndGlobalSection
	GlobalSection(ExtensibilityGlobals) = postSolution
		SolutionGuid = {106A8E0F-49A0-4A98-9EA1-4AE1B71FDCB7}
	EndGlobalSection
EndGlobal
